
Microsoft Visual Studio Solution File, Format Version 12.00
# Visual Studio Version 17
VisualStudioVersion = 17.9.34902.65
MinimumVisualStudioVersion = 10.0.40219.1
Project("{FAE04EC0-301F-11D3-BF4B-00C04F79EFBC}") = "ImageService", "ImageService\ImageService.csproj", "{EA8027BD-EE90-4751-9C46-2A41D9D9A1E3}"
EndProject
Project("{FAE04EC0-301F-11D3-BF4B-00C04F79EFBC}") = "Tests", "Tests\Tests.csproj", "{FEDBC836-EA2D-4B17-8B67-458D4C760FE6}"
EndProject
Global
	GlobalSection(SolutionConfigurationPlatforms) = preSolution
		Debug|Any CPU = Debug|Any CPU
		Release|Any CPU = Release|Any CPU
	EndGlobalSection
	GlobalSection(ProjectConfigurationPlatforms) = postSolution
		{EA8027BD-EE90-4751-9C46-2A41D9D9A1E3}.Debug|Any CPU.ActiveCfg = Debug|Any CPU
		{EA8027BD-EE90-4751-9C46-2A41D9D9A1E3}.Debug|Any CPU.Build.0 = Debug|Any CPU
		{EA8027BD-EE90-4751-9C46-2A41D9D9A1E3}.Release|Any CPU.ActiveCfg = Release|Any CPU
		{EA8027BD-EE90-4751-9C46-2A41D9D9A1E3}.Release|Any CPU.Build.0 = Release|Any CPU
		{FEDBC836-EA2D-4B17-8B67-458D4C760FE6}.Debug|Any CPU.ActiveCfg = Debug|Any CPU
		{FEDBC836-EA2D-4B17-8B67-458D4C760FE6}.Debug|Any CPU.Build.0 = Debug|Any CPU
		{FEDBC836-EA2D-4B17-8B67-458D4C760FE6}.Release|Any CPU.ActiveCfg = Release|Any CPU
		{FEDBC836-EA2D-4B17-8B67-458D4C760FE6}.Release|Any CPU.Build.0 = Release|Any CPU
	EndGlobalSection
	GlobalSection(SolutionProperties) = preSolution
		HideSolutionNode = FALSE
	EndGlobalSection
	GlobalSection(ExtensibilityGlobals) = postSolution
		SolutionGuid = {714E6591-1F3F-469C-B4F3-682F73B1BA85}
	EndGlobalSection
EndGlobal
